
Microsoft Visual Studio Solution File, Format Version 12.00
# Visual Studio Version 17
VisualStudioVersion = 17.3.32929.385
MinimumVisualStudioVersion = 10.0.40219.1
Project("{9A19103F-16F7-4668-BE54-9A1E7A4F7556}") = "PlaformService", "PlaformService.csproj", "{663BB3AC-77DA-4504-89A4-C64A64003462}"
EndProject
Project("{9A19103F-16F7-4668-BE54-9A1E7A4F7556}") = "CommandsService", "..\CommandsService\CommandsService.csproj", "{36AF2BCA-8788-4F20-A303-CCEB4972618B}"
EndProject
Global
	GlobalSection(SolutionConfigurationPlatforms) = preSolution
		Debug|Any CPU = Debug|Any CPU
		Release|Any CPU = Release|Any CPU
	EndGlobalSection
	GlobalSection(ProjectConfigurationPlatforms) = postSolution
		{663BB3AC-77DA-4504-89A4-C64A64003462}.Debug|Any CPU.ActiveCfg = Debug|Any CPU
		{663BB3AC-77DA-4504-89A4-C64A64003462}.Debug|Any CPU.Build.0 = Debug|Any CPU
		{663BB3AC-77DA-4504-89A4-C64A64003462}.Release|Any CPU.ActiveCfg = Release|Any CPU
		{663BB3AC-77DA-4504-89A4-C64A64003462}.Release|Any CPU.Build.0 = Release|Any CPU
		{36AF2BCA-8788-4F20-A303-CCEB4972618B}.Debug|Any CPU.ActiveCfg = Debug|Any CPU
		{36AF2BCA-8788-4F20-A303-CCEB4972618B}.Debug|Any CPU.Build.0 = Debug|Any CPU
		{36AF2BCA-8788-4F20-A303-CCEB4972618B}.Release|Any CPU.ActiveCfg = Release|Any CPU
		{36AF2BCA-8788-4F20-A303-CCEB4972618B}.Release|Any CPU.Build.0 = Release|Any CPU
	EndGlobalSection
	GlobalSection(SolutionProperties) = preSolution
		HideSolutionNode = FALSE
	EndGlobalSection
	GlobalSection(ExtensibilityGlobals) = postSolution
		SolutionGuid = {56EB01DC-9883-4748-8B43-032E761C5D95}
	EndGlobalSection
EndGlobal
